{
  "object": {
    "pins": [
      {
        "package": "KochavaCore",
        "repositoryURL": "https://github.com/Kochava/Apple-SwiftPackage-KochavaCore",
        "state": {
          "branch": null,
          "revision": "d11be88b45ab5a266c5f460e7b334f829062ac91",
          "version": "4.6.0"
        }
      }
    ]
  },
  "version": 1
}
